// !$*UTF8*$!
{
	archiveVersion = 1;
	classes = {
	};
	objectVersion = 56;
	objects = {

/* Begin PBXBuildFile section */
		EE233F7B2D122B4600CC2FF4 /* RecipeRecipeApp.swift in Sources */ = {isa = PBXBuildFile; fileRef = EE233F7A2D122B4600CC2FF4 /* RecipeRecipeApp.swift */; };
		EE233F7D2D122B4600CC2FF4 /* RecipeView.swift in Sources */ = {isa = PBXBuildFile; fileRef = EE233F7C2D122B4600CC2FF4 /* RecipeView.swift */; };
		EE233F7F2D122B4700CC2FF4 /* Assets.xcassets in Resources */ = {isa = PBXBuildFile; fileRef = EE233F7E2D122B4700CC2FF4 /* Assets.xcassets */; };
		EE233F822D122B4700CC2FF4 /* Preview Assets.xcassets in Resources */ = {isa = PBXBuildFile; fileRef = EE233F812D122B4700CC2FF4 /* Preview Assets.xcassets */; };
		EE233F8C2D122BD400CC2FF4 /* Recipe.swift in Sources */ = {isa = PBXBuildFile; fileRef = EE233F8B2D122BD400CC2FF4 /* Recipe.swift */; };
		EE233F8E2D122C1B00CC2FF4 /* RecipeCell.swift in Sources */ = {isa = PBXBuildFile; fileRef = EE233F8D2D122C1B00CC2FF4 /* RecipeCell.swift */; };
		EE233F902D122C5C00CC2FF4 /* NetworkManager.swift in Sources */ = {isa = PBXBuildFile; fileRef = EE233F8F2D122C5C00CC2FF4 /* NetworkManager.swift */; };
		EE233F922D122C6800CC2FF4 /* REError.swift in Sources */ = {isa = PBXBuildFile; fileRef = EE233F912D122C6800CC2FF4 /* REError.swift */; };
		EE233F942D133BBB00CC2FF4 /* RecipeViewModel.swift in Sources */ = {isa = PBXBuildFile; fileRef = EE233F932D133BBB00CC2FF4 /* RecipeViewModel.swift */; };
		EE2B040A2D35D30E0082EB1B /* RecipeRemoteImageView.swift in Sources */ = {isa = PBXBuildFile; fileRef = EE2B04092D35D30E0082EB1B /* RecipeRemoteImageView.swift */; };
		EE2B040D2D371E450082EB1B /* EmptyView.swift in Sources */ = {isa = PBXBuildFile; fileRef = EE2B040C2D371E450082EB1B /* EmptyView.swift */; };
		EE2B040F2D37293D0082EB1B /* AlertItem.swift in Sources */ = {isa = PBXBuildFile; fileRef = EE2B040E2D37293D0082EB1B /* AlertItem.swift */; };
		EE2B04172D3980430082EB1B /* RecipeRecipeTests.swift in Sources */ = {isa = PBXBuildFile; fileRef = EE2B04162D3980430082EB1B /* RecipeRecipeTests.swift */; };
		EE2B041F2D42FF390082EB1B /* LoadingView.swift in Sources */ = {isa = PBXBuildFile; fileRef = EE2B041E2D42FF390082EB1B /* LoadingView.swift */; };
/* End PBXBuildFile section */

/* Begin PBXContainerItemProxy section */
		EE2B04182D3980430082EB1B /* PBXContainerItemProxy */ = {
			isa = PBXContainerItemProxy;
			containerPortal = EE233F6F2D122B4500CC2FF4 /* Project object */;
			proxyType = 1;
			remoteGlobalIDString = EE233F762D122B4500CC2FF4;
			remoteInfo = RecipeRecipe;
		};
/* End PBXContainerItemProxy section */

/* Begin PBXFileReference section */
		EE233F772D122B4500CC2FF4 /* RecipeRecipe.app */ = {isa = PBXFileReference; explicitFileType = wrapper.application; includeInIndex = 0; path = RecipeRecipe.app; sourceTree = BUILT_PRODUCTS_DIR; };
		EE233F7A2D122B4600CC2FF4 /* RecipeRecipeApp.swift */ = {isa = PBXFileReference; lastKnownFileType = sourcecode.swift; path = RecipeRecipeApp.swift; sourceTree = "<group>"; };
		EE233F7C2D122B4600CC2FF4 /* RecipeView.swift */ = {isa = PBXFileReference; lastKnownFileType = sourcecode.swift; path = RecipeView.swift; sourceTree = "<group>"; };
		EE233F7E2D122B4700CC2FF4 /* Assets.xcassets */ = {isa = PBXFileReference; lastKnownFileType = folder.assetcatalog; path = Assets.xcassets; sourceTree = "<group>"; };
		EE233F812D122B4700CC2FF4 /* Preview Assets.xcassets */ = {isa = PBXFileReference; lastKnownFileType = folder.assetcatalog; path = "Preview Assets.xcassets"; sourceTree = "<group>"; };
		EE233F8B2D122BD400CC2FF4 /* Recipe.swift */ = {isa = PBXFileReference; lastKnownFileType = sourcecode.swift; path = Recipe.swift; sourceTree = "<group>"; };
		EE233F8D2D122C1B00CC2FF4 /* RecipeCell.swift */ = {isa = PBXFileReference; lastKnownFileType = sourcecode.swift; path = RecipeCell.swift; sourceTree = "<group>"; };
		EE233F8F2D122C5C00CC2FF4 /* NetworkManager.swift */ = {isa = PBXFileReference; lastKnownFileType = sourcecode.swift; path = NetworkManager.swift; sourceTree = "<group>"; };
		EE233F912D122C6800CC2FF4 /* REError.swift */ = {isa = PBXFileReference; lastKnownFileType = sourcecode.swift; path = REError.swift; sourceTree = "<group>"; };
		EE233F932D133BBB00CC2FF4 /* RecipeViewModel.swift */ = {isa = PBXFileReference; lastKnownFileType = sourcecode.swift; path = RecipeViewModel.swift; sourceTree = "<group>"; };
		EE2B04092D35D30E0082EB1B /* RecipeRemoteImageView.swift */ = {isa = PBXFileReference; lastKnownFileType = sourcecode.swift; path = RecipeRemoteImageView.swift; sourceTree = "<group>"; };
		EE2B040C2D371E450082EB1B /* EmptyView.swift */ = {isa = PBXFileReference; lastKnownFileType = sourcecode.swift; path = EmptyView.swift; sourceTree = "<group>"; };
		EE2B040E2D37293D0082EB1B /* AlertItem.swift */ = {isa = PBXFileReference; lastKnownFileType = sourcecode.swift; path = AlertItem.swift; sourceTree = "<group>"; };
		EE2B04142D3980430082EB1B /* RecipeRecipeTests.xctest */ = {isa = PBXFileReference; explicitFileType = wrapper.cfbundle; includeInIndex = 0; path = RecipeRecipeTests.xctest; sourceTree = BUILT_PRODUCTS_DIR; };
		EE2B04162D3980430082EB1B /* RecipeRecipeTests.swift */ = {isa = PBXFileReference; lastKnownFileType = sourcecode.swift; path = RecipeRecipeTests.swift; sourceTree = "<group>"; };
		EE2B041E2D42FF390082EB1B /* LoadingView.swift */ = {isa = PBXFileReference; lastKnownFileType = sourcecode.swift; path = LoadingView.swift; sourceTree = "<group>"; };
/* End PBXFileReference section */

/* Begin PBXFrameworksBuildPhase section */
		EE233F742D122B4500CC2FF4 /* Frameworks */ = {
			isa = PBXFrameworksBuildPhase;
			buildActionMask = 2147483647;
			files = (
			);
			runOnlyForDeploymentPostprocessing = 0;
		};
		EE2B04112D3980430082EB1B /* Frameworks */ = {
			isa = PBXFrameworksBuildPhase;
			buildActionMask = 2147483647;
			files = (
			);
			runOnlyForDeploymentPostprocessing = 0;
		};
/* End PBXFrameworksBuildPhase section */

/* Begin PBXGroup section */
		EE233F6E2D122B4500CC2FF4 = {
			isa = PBXGroup;
			children = (
				EE233F792D122B4500CC2FF4 /* RecipeRecipe */,
				EE2B04152D3980430082EB1B /* RecipeRecipeTests */,
				EE233F782D122B4500CC2FF4 /* Products */,
			);
			sourceTree = "<group>";
		};
		EE233F782D122B4500CC2FF4 /* Products */ = {
			isa = PBXGroup;
			children = (
				EE233F772D122B4500CC2FF4 /* RecipeRecipe.app */,
				EE2B04142D3980430082EB1B /* RecipeRecipeTests.xctest */,
			);
			name = Products;
			sourceTree = "<group>";
		};
		EE233F792D122B4500CC2FF4 /* RecipeRecipe */ = {
			isa = PBXGroup;
			children = (
				EE233F7A2D122B4600CC2FF4 /* RecipeRecipeApp.swift */,
				EE233F8A2D122B9900CC2FF4 /* Model */,
				EE233F892D122B9700CC2FF4 /* Views */,
				EE233F882D122B9400CC2FF4 /* Utilities */,
				EE233F7E2D122B4700CC2FF4 /* Assets.xcassets */,
				EE233F802D122B4700CC2FF4 /* Preview Content */,
			);
			path = RecipeRecipe;
			sourceTree = "<group>";
		};
		EE233F802D122B4700CC2FF4 /* Preview Content */ = {
			isa = PBXGroup;
			children = (
				EE233F812D122B4700CC2FF4 /* Preview Assets.xcassets */,
			);
			path = "Preview Content";
			sourceTree = "<group>";
		};
		EE233F882D122B9400CC2FF4 /* Utilities */ = {
			isa = PBXGroup;
			children = (
				EE2B040E2D37293D0082EB1B /* AlertItem.swift */,
				EE2B04092D35D30E0082EB1B /* RecipeRemoteImageView.swift */,
				EE233F912D122C6800CC2FF4 /* REError.swift */,
				EE233F8F2D122C5C00CC2FF4 /* NetworkManager.swift */,
			);
			path = Utilities;
			sourceTree = "<group>";
		};
		EE233F892D122B9700CC2FF4 /* Views */ = {
			isa = PBXGroup;
			children = (
				EE2B040B2D36FD9A0082EB1B /* RecipeView */,
				EE233F8D2D122C1B00CC2FF4 /* RecipeCell.swift */,
				EE2B040C2D371E450082EB1B /* EmptyView.swift */,
				EE2B041E2D42FF390082EB1B /* LoadingView.swift */,
			);
			path = Views;
			sourceTree = "<group>";
		};
		EE233F8A2D122B9900CC2FF4 /* Model */ = {
			isa = PBXGroup;
			children = (
				EE233F8B2D122BD400CC2FF4 /* Recipe.swift */,
			);
			path = Model;
			sourceTree = "<group>";
		};
		EE2B040B2D36FD9A0082EB1B /* RecipeView */ = {
			isa = PBXGroup;
			children = (
				EE233F7C2D122B4600CC2FF4 /* RecipeView.swift */,
				EE233F932D133BBB00CC2FF4 /* RecipeViewModel.swift */,
			);
			path = RecipeView;
			sourceTree = "<group>";
		};
		EE2B04152D3980430082EB1B /* RecipeRecipeTests */ = {
			isa = PBXGroup;
			children = (
				EE2B04162D3980430082EB1B /* RecipeRecipeTests.swift */,
			);
			path = RecipeRecipeTests;
			sourceTree = "<group>";
		};
/* End PBXGroup section */

/* Begin PBXNativeTarget section */
		EE233F762D122B4500CC2FF4 /* RecipeRecipe */ = {
			isa = PBXNativeTarget;
			buildConfigurationList = EE233F852D122B4700CC2FF4 /* Build configuration list for PBXNativeTarget "RecipeRecipe" */;
			buildPhases = (
				EE233F732D122B4500CC2FF4 /* Sources */,
				EE233F742D122B4500CC2FF4 /* Frameworks */,
				EE233F752D122B4500CC2FF4 /* Resources */,
			);
			buildRules = (
			);
			dependencies = (
			);
			name = RecipeRecipe;
			productName = RecipeRecipe;
			productReference = EE233F772D122B4500CC2FF4 /* RecipeRecipe.app */;
			productType = "com.apple.product-type.application";
		};
		EE2B04132D3980430082EB1B /* RecipeRecipeTests */ = {
			isa = PBXNativeTarget;
			buildConfigurationList = EE2B041A2D3980430082EB1B /* Build configuration list for PBXNativeTarget "RecipeRecipeTests" */;
			buildPhases = (
				EE2B04102D3980430082EB1B /* Sources */,
				EE2B04112D3980430082EB1B /* Frameworks */,
				EE2B04122D3980430082EB1B /* Resources */,
			);
			buildRules = (
			);
			dependencies = (
				EE2B04192D3980430082EB1B /* PBXTargetDependency */,
			);
			name = RecipeRecipeTests;
			productName = RecipeRecipeTests;
			productReference = EE2B04142D3980430082EB1B /* RecipeRecipeTests.xctest */;
			productType = "com.apple.product-type.bundle.unit-test";
		};
/* End PBXNativeTarget section */

/* Begin PBXProject section */
		EE233F6F2D122B4500CC2FF4 /* Project object */ = {
			isa = PBXProject;
			attributes = {
				BuildIndependentTargetsInParallel = 1;
				LastSwiftUpdateCheck = 1520;
				LastUpgradeCheck = 1520;
				TargetAttributes = {
					EE233F762D122B4500CC2FF4 = {
						CreatedOnToolsVersion = 15.2;
					};
					EE2B04132D3980430082EB1B = {
						CreatedOnToolsVersion = 15.2;
						TestTargetID = EE233F762D122B4500CC2FF4;
					};
				};
			};
			buildConfigurationList = EE233F722D122B4500CC2FF4 /* Build configuration list for PBXProject "RecipeRecipe" */;
			compatibilityVersion = "Xcode 14.0";
			developmentRegion = en;
			hasScannedForEncodings = 0;
			knownRegions = (
				en,
				Base,
			);
			mainGroup = EE233F6E2D122B4500CC2FF4;
			productRefGroup = EE233F782D122B4500CC2FF4 /* Products */;
			projectDirPath = "";
			projectRoot = "";
			targets = (
				EE233F762D122B4500CC2FF4 /* RecipeRecipe */,
				EE2B04132D3980430082EB1B /* RecipeRecipeTests */,
			);
		};
/* End PBXProject section */

/* Begin PBXResourcesBuildPhase section */
		EE233F752D122B4500CC2FF4 /* Resources */ = {
			isa = PBXResourcesBuildPhase;
			buildActionMask = 2147483647;
			files = (
				EE233F822D122B4700CC2FF4 /* Preview Assets.xcassets in Resources */,
				EE233F7F2D122B4700CC2FF4 /* Assets.xcassets in Resources */,
			);
			runOnlyForDeploymentPostprocessing = 0;
		};
		EE2B04122D3980430082EB1B /* Resources */ = {
			isa = PBXResourcesBuildPhase;
			buildActionMask = 2147483647;
			files = (
			);
			runOnlyForDeploymentPostprocessing = 0;
		};
/* End PBXResourcesBuildPhase section */

/* Begin PBXSourcesBuildPhase section */
		EE233F732D122B4500CC2FF4 /* Sources */ = {
			isa = PBXSourcesBuildPhase;
			buildActionMask = 2147483647;
			files = (
				EE2B040A2D35D30E0082EB1B /* RecipeRemoteImageView.swift in Sources */,
				EE2B040D2D371E450082EB1B /* EmptyView.swift in Sources */,
				EE233F8C2D122BD400CC2FF4 /* Recipe.swift in Sources */,
				EE2B041F2D42FF390082EB1B /* LoadingView.swift in Sources */,
				EE2B040F2D37293D0082EB1B /* AlertItem.swift in Sources */,
				EE233F922D122C6800CC2FF4 /* REError.swift in Sources */,
				EE233F7D2D122B4600CC2FF4 /* RecipeView.swift in Sources */,
				EE233F942D133BBB00CC2FF4 /* RecipeViewModel.swift in Sources */,
				EE233F902D122C5C00CC2FF4 /* NetworkManager.swift in Sources */,
				EE233F7B2D122B4600CC2FF4 /* RecipeRecipeApp.swift in Sources */,
				EE233F8E2D122C1B00CC2FF4 /* RecipeCell.swift in Sources */,
			);
			runOnlyForDeploymentPostprocessing = 0;
		};
		EE2B04102D3980430082EB1B /* Sources */ = {
			isa = PBXSourcesBuildPhase;
			buildActionMask = 2147483647;
			files = (
				EE2B04172D3980430082EB1B /* RecipeRecipeTests.swift in Sources */,
			);
			runOnlyForDeploymentPostprocessing = 0;
		};
/* End PBXSourcesBuildPhase section */

/* Begin PBXTargetDependency section */
		EE2B04192D3980430082EB1B /* PBXTargetDependency */ = {
			isa = PBXTargetDependency;
			target = EE233F762D122B4500CC2FF4 /* RecipeRecipe */;
			targetProxy = EE2B04182D3980430082EB1B /* PBXContainerItemProxy */;
		};
/* End PBXTargetDependency section */

/* Begin XCBuildConfiguration section */
		EE233F832D122B4700CC2FF4 /* Debug */ = {
			isa = XCBuildConfiguration;
			buildSettings = {
				ALWAYS_SEARCH_USER_PATHS = NO;
				ASSETCATALOG_COMPILER_GENERATE_SWIFT_ASSET_SYMBOL_EXTENSIONS = YES;
				CLANG_ANALYZER_NONNULL = YES;
				CLANG_ANALYZER_NUMBER_OBJECT_CONVERSION = YES_AGGRESSIVE;
				CLANG_CXX_LANGUAGE_STANDARD = "gnu++20";
				CLANG_ENABLE_MODULES = YES;
				CLANG_ENABLE_OBJC_ARC = YES;
				CLANG_ENABLE_OBJC_WEAK = YES;
				CLANG_WARN_BLOCK_CAPTURE_AUTORELEASING = YES;
				CLANG_WARN_BOOL_CONVERSION = YES;
				CLANG_WARN_COMMA = YES;
				CLANG_WARN_CONSTANT_CONVERSION = YES;
				CLANG_WARN_DEPRECATED_OBJC_IMPLEMENTATIONS = YES;
				CLANG_WARN_DIRECT_OBJC_ISA_USAGE = YES_ERROR;
				CLANG_WARN_DOCUMENTATION_COMMENTS = YES;
				CLANG_WARN_EMPTY_BODY = YES;
				CLANG_WARN_ENUM_CONVERSION = YES;
				CLANG_WARN_INFINITE_RECURSION = YES;
				CLANG_WARN_INT_CONVERSION = YES;
				CLANG_WARN_NON_LITERAL_NULL_CONVERSION = YES;
				CLANG_WARN_OBJC_IMPLICIT_RETAIN_SELF = YES;
				CLANG_WARN_OBJC_LITERAL_CONVERSION = YES;
				CLANG_WARN_OBJC_ROOT_CLASS = YES_ERROR;
				CLANG_WARN_QUOTED_INCLUDE_IN_FRAMEWORK_HEADER = YES;
				CLANG_WARN_RANGE_LOOP_ANALYSIS = YES;
				CLANG_WARN_STRICT_PROTOTYPES = YES;
				CLANG_WARN_SUSPICIOUS_MOVE = YES;
				CLANG_WARN_UNGUARDED_AVAILABILITY = YES_AGGRESSIVE;
				CLANG_WARN_UNREACHABLE_CODE = YES;
				CLANG_WARN__DUPLICATE_METHOD_MATCH = YES;
				COPY_PHASE_STRIP = NO;
				DEBUG_INFORMATION_FORMAT = dwarf;
				ENABLE_STRICT_OBJC_MSGSEND = YES;
				ENABLE_TESTABILITY = YES;
				ENABLE_USER_SCRIPT_SANDBOXING = YES;
				GCC_C_LANGUAGE_STANDARD = gnu17;
				GCC_DYNAMIC_NO_PIC = NO;
				GCC_NO_COMMON_BLOCKS = YES;
				GCC_OPTIMIZATION_LEVEL = 0;
				GCC_PREPROCESSOR_DEFINITIONS = (
					"DEBUG=1",
					"$(inherited)",
				);
				GCC_WARN_64_TO_32_BIT_CONVERSION = YES;
				GCC_WARN_ABOUT_RETURN_TYPE = YES_ERROR;
				GCC_WARN_UNDECLARED_SELECTOR = YES;
				GCC_WARN_UNINITIALIZED_AUTOS = YES_AGGRESSIVE;
				GCC_WARN_UNUSED_FUNCTION = YES;
				GCC_WARN_UNUSED_VARIABLE = YES;
				IPHONEOS_DEPLOYMENT_TARGET = 17.2;
				LOCALIZATION_PREFERS_STRING_CATALOGS = YES;
				MTL_ENABLE_DEBUG_INFO = INCLUDE_SOURCE;
				MTL_FAST_MATH = YES;
				ONLY_ACTIVE_ARCH = YES;
				SDKROOT = iphoneos;
				SWIFT_ACTIVE_COMPILATION_CONDITIONS = "DEBUG $(inherited)";
				SWIFT_OPTIMIZATION_LEVEL = "-Onone";
			};
			name = Debug;
		};
		EE233F842D122B4700CC2FF4 /* Release */ = {
			isa = XCBuildConfiguration;
			buildSettings = {
				ALWAYS_SEARCH_USER_PATHS = NO;
				ASSETCATALOG_COMPILER_GENERATE_SWIFT_ASSET_SYMBOL_EXTENSIONS = YES;
				CLANG_ANALYZER_NONNULL = YES;
				CLANG_ANALYZER_NUMBER_OBJECT_CONVERSION = YES_AGGRESSIVE;
				CLANG_CXX_LANGUAGE_STANDARD = "gnu++20";
				CLANG_ENABLE_MODULES = YES;
				CLANG_ENABLE_OBJC_ARC = YES;
				CLANG_ENABLE_OBJC_WEAK = YES;
				CLANG_WARN_BLOCK_CAPTURE_AUTORELEASING = YES;
				CLANG_WARN_BOOL_CONVERSION = YES;
				CLANG_WARN_COMMA = YES;
				CLANG_WARN_CONSTANT_CONVERSION = YES;
				CLANG_WARN_DEPRECATED_OBJC_IMPLEMENTATIONS = YES;
				CLANG_WARN_DIRECT_OBJC_ISA_USAGE = YES_ERROR;
				CLANG_WARN_DOCUMENTATION_COMMENTS = YES;
				CLANG_WARN_EMPTY_BODY = YES;
				CLANG_WARN_ENUM_CONVERSION = YES;
				CLANG_WARN_INFINITE_RECURSION = YES;
				CLANG_WARN_INT_CONVERSION = YES;
				CLANG_WARN_NON_LITERAL_NULL_CONVERSION = YES;
				CLANG_WARN_OBJC_IMPLICIT_RETAIN_SELF = YES;
				CLANG_WARN_OBJC_LITERAL_CONVERSION = YES;
				CLANG_WARN_OBJC_ROOT_CLASS = YES_ERROR;
				CLANG_WARN_QUOTED_INCLUDE_IN_FRAMEWORK_HEADER = YES;
				CLANG_WARN_RANGE_LOOP_ANALYSIS = YES;
				CLANG_WARN_STRICT_PROTOTYPES = YES;
				CLANG_WARN_SUSPICIOUS_MOVE = YES;
				CLANG_WARN_UNGUARDED_AVAILABILITY = YES_AGGRESSIVE;
				CLANG_WARN_UNREACHABLE_CODE = YES;
				CLANG_WARN__DUPLICATE_METHOD_MATCH = YES;
				COPY_PHASE_STRIP = NO;
				DEBUG_INFORMATION_FORMAT = "dwarf-with-dsym";
				ENABLE_NS_ASSERTIONS = NO;
				ENABLE_STRICT_OBJC_MSGSEND = YES;
				ENABLE_USER_SCRIPT_SANDBOXING = YES;
				GCC_C_LANGUAGE_STANDARD = gnu17;
				GCC_NO_COMMON_BLOCKS = YES;
				GCC_WARN_64_TO_32_BIT_CONVERSION = YES;
				GCC_WARN_ABOUT_RETURN_TYPE = YES_ERROR;
				GCC_WARN_UNDECLARED_SELECTOR = YES;
				GCC_WARN_UNINITIALIZED_AUTOS = YES_AGGRESSIVE;
				GCC_WARN_UNUSED_FUNCTION = YES;
				GCC_WARN_UNUSED_VARIABLE = YES;
				IPHONEOS_DEPLOYMENT_TARGET = 17.2;
				LOCALIZATION_PREFERS_STRING_CATALOGS = YES;
				MTL_ENABLE_DEBUG_INFO = NO;
				MTL_FAST_MATH = YES;
				SDKROOT = iphoneos;
				SWIFT_COMPILATION_MODE = wholemodule;
				VALIDATE_PRODUCT = YES;
			};
			name = Release;
		};
		EE233F862D122B4700CC2FF4 /* Debug */ = {
			isa = XCBuildConfiguration;
			buildSettings = {
				ASSETCATALOG_COMPILER_APPICON_NAME = AppIcon;
				ASSETCATALOG_COMPILER_GLOBAL_ACCENT_COLOR_NAME = AccentColor;
				CODE_SIGN_STYLE = Automatic;
				CURRENT_PROJECT_VERSION = 1;
				DEVELOPMENT_ASSET_PATHS = "\"RecipeRecipe/Preview Content\"";
				DEVELOPMENT_TEAM = X7892LLAZC;
				ENABLE_PREVIEWS = YES;
				GENERATE_INFOPLIST_FILE = YES;
				INFOPLIST_KEY_UIApplicationSceneManifest_Generation = YES;
				INFOPLIST_KEY_UIApplicationSupportsIndirectInputEvents = YES;
				INFOPLIST_KEY_UILaunchScreen_Generation = YES;
				INFOPLIST_KEY_UISupportedInterfaceOrientations_iPad = "UIInterfaceOrientationPortrait UIInterfaceOrientationPortraitUpsideDown UIInterfaceOrientationLandscapeLeft UIInterfaceOrientationLandscapeRight";
				INFOPLIST_KEY_UISupportedInterfaceOrientations_iPhone = "UIInterfaceOrientationPortrait UIInterfaceOrientationLandscapeLeft UIInterfaceOrientationLandscapeRight";
				LD_RUNPATH_SEARCH_PATHS = (
					"$(inherited)",
					"@executable_path/Frameworks",
				);
				MARKETING_VERSION = 1.0;
				PRODUCT_BUNDLE_IDENTIFIER = me.hu.oliver.RecipeRecipe;
				PRODUCT_NAME = "$(TARGET_NAME)";
				SWIFT_EMIT_LOC_STRINGS = YES;
				SWIFT_VERSION = 5.0;
				TARGETED_DEVICE_FAMILY = "1,2";
			};
			name = Debug;
		};
		EE233F872D122B4700CC2FF4 /* Release */ = {
			isa = XCBuildConfiguration;
			buildSettings = {
				ASSETCATALOG_COMPILER_APPICON_NAME = AppIcon;
				ASSETCATALOG_COMPILER_GLOBAL_ACCENT_COLOR_NAME = AccentColor;
				CODE_SIGN_STYLE = Automatic;
				CURRENT_PROJECT_VERSION = 1;
				DEVELOPMENT_ASSET_PATHS = "\"RecipeRecipe/Preview Content\"";
				DEVELOPMENT_TEAM = X7892LLAZC;
				ENABLE_PREVIEWS = YES;
				GENERATE_INFOPLIST_FILE = YES;
				INFOPLIST_KEY_UIApplicationSceneManifest_Generation = YES;
				INFOPLIST_KEY_UIApplicationSupportsIndirectInputEvents = YES;
				INFOPLIST_KEY_UILaunchScreen_Generation = YES;
				INFOPLIST_KEY_UISupportedInterfaceOrientations_iPad = "UIInterfaceOrientationPortrait UIInterfaceOrientationPortraitUpsideDown UIInterfaceOrientationLandscapeLeft UIInterfaceOrientationLandscapeRight";
				INFOPLIST_KEY_UISupportedInterfaceOrientations_iPhone = "UIInterfaceOrientationPortrait UIInterfaceOrientationLandscapeLeft UIInterfaceOrientationLandscapeRight";
				LD_RUNPATH_SEARCH_PATHS = (
					"$(inherited)",
					"@executable_path/Frameworks",
				);
				MARKETING_VERSION = 1.0;
				PRODUCT_BUNDLE_IDENTIFIER = me.hu.oliver.RecipeRecipe;
				PRODUCT_NAME = "$(TARGET_NAME)";
				SWIFT_EMIT_LOC_STRINGS = YES;
				SWIFT_VERSION = 5.0;
				TARGETED_DEVICE_FAMILY = "1,2";
			};
			name = Release;
		};
		EE2B041B2D3980430082EB1B /* Debug */ = {
			isa = XCBuildConfiguration;
			buildSettings = {
				BUNDLE_LOADER = "$(TEST_HOST)";
				CODE_SIGN_STYLE = Automatic;
				CURRENT_PROJECT_VERSION = 1;
				GENERATE_INFOPLIST_FILE = YES;
				MARKETING_VERSION = 1.0;
				PRODUCT_BUNDLE_IDENTIFIER = me.hu.oliver.RecipeRecipeTests;
				PRODUCT_NAME = "$(TARGET_NAME)";
				SWIFT_EMIT_LOC_STRINGS = NO;
				SWIFT_VERSION = 5.0;
				TARGETED_DEVICE_FAMILY = "1,2";
				TEST_HOST = "$(BUILT_PRODUCTS_DIR)/RecipeRecipe.app/$(BUNDLE_EXECUTABLE_FOLDER_PATH)/RecipeRecipe";
			};
			name = Debug;
		};
		EE2B041C2D3980430082EB1B /* Release */ = {
			isa = XCBuildConfiguration;
			buildSettings = {
				BUNDLE_LOADER = "$(TEST_HOST)";
				CODE_SIGN_STYLE = Automatic;
				CURRENT_PROJECT_VERSION = 1;
				GENERATE_INFOPLIST_FILE = YES;
				MARKETING_VERSION = 1.0;
				PRODUCT_BUNDLE_IDENTIFIER = me.hu.oliver.RecipeRecipeTests;
				PRODUCT_NAME = "$(TARGET_NAME)";
				SWIFT_EMIT_LOC_STRINGS = NO;
				SWIFT_VERSION = 5.0;
				TARGETED_DEVICE_FAMILY = "1,2";
				TEST_HOST = "$(BUILT_PRODUCTS_DIR)/RecipeRecipe.app/$(BUNDLE_EXECUTABLE_FOLDER_PATH)/RecipeRecipe";
			};
			name = Release;
		};
/* End XCBuildConfiguration section */

/* Begin XCConfigurationList section */
		EE233F722D122B4500CC2FF4 /* Build configuration list for PBXProject "RecipeRecipe" */ = {
			isa = XCConfigurationList;
			buildConfigurations = (
				EE233F832D122B4700CC2FF4 /* Debug */,
				EE233F842D122B4700CC2FF4 /* Release */,
			);
			defaultConfigurationIsVisible = 0;
			defaultConfigurationName = Release;
		};
		EE233F852D122B4700CC2FF4 /* Build configuration list for PBXNativeTarget "RecipeRecipe" */ = {
			isa = XCConfigurationList;
			buildConfigurations = (
				EE233F862D122B4700CC2FF4 /* Debug */,
				EE233F872D122B4700CC2FF4 /* Release */,
			);
			defaultConfigurationIsVisible = 0;
			defaultConfigurationName = Release;
		};
		EE2B041A2D3980430082EB1B /* Build configuration list for PBXNativeTarget "RecipeRecipeTests" */ = {
			isa = XCConfigurationList;
			buildConfigurations = (
				EE2B041B2D3980430082EB1B /* Debug */,
				EE2B041C2D3980430082EB1B /* Release */,
			);
			defaultConfigurationIsVisible = 0;
			defaultConfigurationName = Release;
		};
/* End XCConfigurationList section */
	};
	rootObject = EE233F6F2D122B4500CC2FF4 /* Project object */;
}
